
Microsoft Visual Studio Solution File, Format Version 12.00
# Visual Studio Version 17
VisualStudioVersion = 17.5.33502.453
MinimumVisualStudioVersion = 10.0.40219.1
Project("{FAE04EC0-301F-11D3-BF4B-00C04F79EFBC}") = "UserDetailAPI", "UserDetailAPI\UserDetailAPI.csproj", "{E9B8D198-6610-4DCE-B4C9-A6E1D68743C3}"
EndProject
Project("{FAE04EC0-301F-11D3-BF4B-00C04F79EFBC}") = "UserDetailAPI.DataAccessLayer", "UserDetailAPI.Data\UserDetailAPI.DataAccessLayer.csproj", "{D2C0A791-662E-40F7-956E-F9CFAED5FA7D}"
EndProject
Project("{FAE04EC0-301F-11D3-BF4B-00C04F79EFBC}") = "UserDetailAPI.BusinessLayer", "UserDetailAPI.BusinessLayer\UserDetailAPI.BusinessLayer.csproj", "{DC65A64C-C559-4EF9-9E6D-24AC4B6535CC}"
EndProject
Global
	GlobalSection(SolutionConfigurationPlatforms) = preSolution
		Debug|Any CPU = Debug|Any CPU
		Release|Any CPU = Release|Any CPU
	EndGlobalSection
	GlobalSection(ProjectConfigurationPlatforms) = postSolution
		{E9B8D198-6610-4DCE-B4C9-A6E1D68743C3}.Debug|Any CPU.ActiveCfg = Debug|Any CPU
		{E9B8D198-6610-4DCE-B4C9-A6E1D68743C3}.Debug|Any CPU.Build.0 = Debug|Any CPU
		{E9B8D198-6610-4DCE-B4C9-A6E1D68743C3}.Release|Any CPU.ActiveCfg = Release|Any CPU
		{E9B8D198-6610-4DCE-B4C9-A6E1D68743C3}.Release|Any CPU.Build.0 = Release|Any CPU
		{D2C0A791-662E-40F7-956E-F9CFAED5FA7D}.Debug|Any CPU.ActiveCfg = Debug|Any CPU
		{D2C0A791-662E-40F7-956E-F9CFAED5FA7D}.Debug|Any CPU.Build.0 = Debug|Any CPU
		{D2C0A791-662E-40F7-956E-F9CFAED5FA7D}.Release|Any CPU.ActiveCfg = Release|Any CPU
		{D2C0A791-662E-40F7-956E-F9CFAED5FA7D}.Release|Any CPU.Build.0 = Release|Any CPU
		{DC65A64C-C559-4EF9-9E6D-24AC4B6535CC}.Debug|Any CPU.ActiveCfg = Debug|Any CPU
		{DC65A64C-C559-4EF9-9E6D-24AC4B6535CC}.Debug|Any CPU.Build.0 = Debug|Any CPU
		{DC65A64C-C559-4EF9-9E6D-24AC4B6535CC}.Release|Any CPU.ActiveCfg = Release|Any CPU
		{DC65A64C-C559-4EF9-9E6D-24AC4B6535CC}.Release|Any CPU.Build.0 = Release|Any CPU
	EndGlobalSection
	GlobalSection(SolutionProperties) = preSolution
		HideSolutionNode = FALSE
	EndGlobalSection
	GlobalSection(ExtensibilityGlobals) = postSolution
		SolutionGuid = {91FCCC7E-DE7C-4285-9779-951E8CA98A8C}
	EndGlobalSection
EndGlobal
